
Microsoft Visual Studio Solution File, Format Version 12.00
# Visual Studio Version 16
VisualStudioVersion = 16.0.31019.35
MinimumVisualStudioVersion = 10.0.40219.1
Project("{9A19103F-16F7-4668-BE54-9A1E7A4F7556}") = "MedicoErp", "MedicoErp\MedicoErp.csproj", "{A9BB467D-7F78-402F-B6F9-E6E9E3405B7D}"
EndProject
Project("{9A19103F-16F7-4668-BE54-9A1E7A4F7556}") = "MedicoErp.Model", "MedicoErp.Model\MedicoErp.Model.csproj", "{888E3AB1-0FE3-46E0-9C7B-841E365AB174}"
EndProject
Global
	GlobalSection(SolutionConfigurationPlatforms) = preSolution
		Debug|Any CPU = Debug|Any CPU
		Release|Any CPU = Release|Any CPU
	EndGlobalSection
	GlobalSection(ProjectConfigurationPlatforms) = postSolution
		{A9BB467D-7F78-402F-B6F9-E6E9E3405B7D}.Debug|Any CPU.ActiveCfg = Debug|Any CPU
		{A9BB467D-7F78-402F-B6F9-E6E9E3405B7D}.Debug|Any CPU.Build.0 = Debug|Any CPU
		{A9BB467D-7F78-402F-B6F9-E6E9E3405B7D}.Release|Any CPU.ActiveCfg = Release|Any CPU
		{A9BB467D-7F78-402F-B6F9-E6E9E3405B7D}.Release|Any CPU.Build.0 = Release|Any CPU
		{888E3AB1-0FE3-46E0-9C7B-841E365AB174}.Debug|Any CPU.ActiveCfg = Debug|Any CPU
		{888E3AB1-0FE3-46E0-9C7B-841E365AB174}.Debug|Any CPU.Build.0 = Debug|Any CPU
		{888E3AB1-0FE3-46E0-9C7B-841E365AB174}.Release|Any CPU.ActiveCfg = Release|Any CPU
		{888E3AB1-0FE3-46E0-9C7B-841E365AB174}.Release|Any CPU.Build.0 = Release|Any CPU
	EndGlobalSection
	GlobalSection(SolutionProperties) = preSolution
		HideSolutionNode = FALSE
	EndGlobalSection
	GlobalSection(ExtensibilityGlobals) = postSolution
		SolutionGuid = {ACDE7B4F-CFB3-4CC7-AAD0-0D1F02B3B21F}
	EndGlobalSection
EndGlobal
